
Microsoft Visual Studio Solution File, Format Version 12.00
# Visual Studio Version 16
VisualStudioVersion = 16.0.30002.166
MinimumVisualStudioVersion = 10.0.40219.1
Project("{FAE04EC0-301F-11D3-BF4B-00C04F79EFBC}") = "FinanceManager", "FinanceManager\FinanceManager.csproj", "{1E45C411-6571-478A-A0F6-DBD147921FB7}"
EndProject
Global
	GlobalSection(SolutionConfigurationPlatforms) = preSolution
		Debug|Any CPU = Debug|Any CPU
		Release|Any CPU = Release|Any CPU
	EndGlobalSection
	GlobalSection(ProjectConfigurationPlatforms) = postSolution
		{1E45C411-6571-478A-A0F6-DBD147921FB7}.Debug|Any CPU.ActiveCfg = Debug|Any CPU
		{1E45C411-6571-478A-A0F6-DBD147921FB7}.Debug|Any CPU.Build.0 = Debug|Any CPU
		{1E45C411-6571-478A-A0F6-DBD147921FB7}.Release|Any CPU.ActiveCfg = Release|Any CPU
		{1E45C411-6571-478A-A0F6-DBD147921FB7}.Release|Any CPU.Build.0 = Release|Any CPU
	EndGlobalSection
	GlobalSection(SolutionProperties) = preSolution
		HideSolutionNode = FALSE
	EndGlobalSection
	GlobalSection(ExtensibilityGlobals) = postSolution
		SolutionGuid = {BAA196E7-7FFD-4283-9F1B-6BAB08B852B9}
	EndGlobalSection
EndGlobal
